
Microsoft Visual Studio Solution File, Format Version 12.00
# Visual Studio 15
VisualStudioVersion = 15.0.27004.2008
MinimumVisualStudioVersion = 10.0.40219.1
Project("{FAE04EC0-301F-11D3-BF4B-00C04F79EFBC}") = "AutoCarConsole", "AutoCarConsole\AutoCarConsole.csproj", "{063D1043-1480-4F90-9A42-7A74C29891F2}"
EndProject
Project("{FAE04EC0-301F-11D3-BF4B-00C04F79EFBC}") = "3dCartRestAPIClient", "3dCartRestAPIClient\3dCartRestAPIClient.csproj", "{C2C92607-5CA5-42F1-A6F0-1CAA315D3D2C}"
EndProject
Project("{2150E333-8FDC-42A3-9474-1A3956D46DE8}") = ".nuget", ".nuget", "{3FB3F022-E41B-4922-B5A8-516B6DA1B74E}"
	ProjectSection(SolutionItems) = preProject
		.nuget\NuGet.Config = .nuget\NuGet.Config
		.nuget\NuGet.exe = .nuget\NuGet.exe
		.nuget\NuGet.targets = .nuget\NuGet.targets
	EndProjectSection
EndProject
Project("{2150E333-8FDC-42A3-9474-1A3956D46DE8}") = "Solution Items", "Solution Items", "{37E212BB-ECF7-4A9F-A8F5-982A47C9450B}"
	ProjectSection(SolutionItems) = preProject
		CHANGELOG.md = CHANGELOG.md
		Local.testsettings = Local.testsettings
	EndProjectSection
EndProject
Project("{FAE04EC0-301F-11D3-BF4B-00C04F79EFBC}") = "3dCartImportConsole", "3dCartImportConsole\3dCartImportConsole.csproj", "{FAEFDAA5-18B9-4D04-9806-1FBE72FB6F27}"
EndProject
Project("{FAE04EC0-301F-11D3-BF4B-00C04F79EFBC}") = "AutoCarOperations", "AutoCartDAL\AutoCarOperations.csproj", "{BFBC0546-38EC-40FB-A395-E31F87BB3EBE}"
EndProject
Project("{FAE04EC0-301F-11D3-BF4B-00C04F79EFBC}") = "QuickBookApp", "QuickBookApp\QuickBookApp.csproj", "{5F871D17-253D-478E-B93F-172B0FED7277}"
EndProject
Global
	GlobalSection(SolutionConfigurationPlatforms) = preSolution
		Debug|Any CPU = Debug|Any CPU
		Release|Any CPU = Release|Any CPU
	EndGlobalSection
	GlobalSection(ProjectConfigurationPlatforms) = postSolution
		{063D1043-1480-4F90-9A42-7A74C29891F2}.Debug|Any CPU.ActiveCfg = Debug|Any CPU
		{063D1043-1480-4F90-9A42-7A74C29891F2}.Debug|Any CPU.Build.0 = Debug|Any CPU
		{063D1043-1480-4F90-9A42-7A74C29891F2}.Release|Any CPU.ActiveCfg = Release|Any CPU
		{063D1043-1480-4F90-9A42-7A74C29891F2}.Release|Any CPU.Build.0 = Release|Any CPU
		{C2C92607-5CA5-42F1-A6F0-1CAA315D3D2C}.Debug|Any CPU.ActiveCfg = Debug|Any CPU
		{C2C92607-5CA5-42F1-A6F0-1CAA315D3D2C}.Debug|Any CPU.Build.0 = Debug|Any CPU
		{C2C92607-5CA5-42F1-A6F0-1CAA315D3D2C}.Release|Any CPU.ActiveCfg = Release|Any CPU
		{C2C92607-5CA5-42F1-A6F0-1CAA315D3D2C}.Release|Any CPU.Build.0 = Release|Any CPU
		{FAEFDAA5-18B9-4D04-9806-1FBE72FB6F27}.Debug|Any CPU.ActiveCfg = Debug|Any CPU
		{FAEFDAA5-18B9-4D04-9806-1FBE72FB6F27}.Debug|Any CPU.Build.0 = Debug|Any CPU
		{FAEFDAA5-18B9-4D04-9806-1FBE72FB6F27}.Release|Any CPU.ActiveCfg = Release|Any CPU
		{FAEFDAA5-18B9-4D04-9806-1FBE72FB6F27}.Release|Any CPU.Build.0 = Release|Any CPU
		{BFBC0546-38EC-40FB-A395-E31F87BB3EBE}.Debug|Any CPU.ActiveCfg = Debug|Any CPU
		{BFBC0546-38EC-40FB-A395-E31F87BB3EBE}.Debug|Any CPU.Build.0 = Debug|Any CPU
		{BFBC0546-38EC-40FB-A395-E31F87BB3EBE}.Release|Any CPU.ActiveCfg = Release|Any CPU
		{BFBC0546-38EC-40FB-A395-E31F87BB3EBE}.Release|Any CPU.Build.0 = Release|Any CPU
		{5F871D17-253D-478E-B93F-172B0FED7277}.Debug|Any CPU.ActiveCfg = Debug|Any CPU
		{5F871D17-253D-478E-B93F-172B0FED7277}.Debug|Any CPU.Build.0 = Debug|Any CPU
		{5F871D17-253D-478E-B93F-172B0FED7277}.Release|Any CPU.ActiveCfg = Release|Any CPU
		{5F871D17-253D-478E-B93F-172B0FED7277}.Release|Any CPU.Build.0 = Release|Any CPU
	EndGlobalSection
	GlobalSection(SolutionProperties) = preSolution
		HideSolutionNode = FALSE
	EndGlobalSection
	GlobalSection(ExtensibilityGlobals) = postSolution
		SolutionGuid = {CD9FA39D-8BAD-485D-B9E9-D286C671CDA8}
	EndGlobalSection
EndGlobal
